
Microsoft Visual Studio Solution File, Format Version 12.00
# Visual Studio Version 16
VisualStudioVersion = 16.0.33927.289
MinimumVisualStudioVersion = 10.0.40219.1
Project("{2150E333-8FDC-42A3-9474-1A3956D46DE8}") = "Task0", "Task0", "{785DB5D7-F651-4D91-83C6-9CADFBF5F18C}"
EndProject
Project("{FAE04EC0-301F-11D3-BF4B-00C04F79EFBC}") = "Tyuiu.VdovichenkoAI.Sprint5.Task0.V5", "Tyuiu.VdovichenkoAI.Sprint5.Task0.V5\Tyuiu.VdovichenkoAI.Sprint5.Task0.V5.csproj", "{9C8ABC45-D044-40F5-AA71-29BAC83F6F1B}"
EndProject
Project("{FAE04EC0-301F-11D3-BF4B-00C04F79EFBC}") = "Tyuiu.VdovichenkoAI.Sprint5.Task0.V5.Lib", "Tyuiu.VdovichenkoAI.Sprint5.Task0.V5.Lib\Tyuiu.VdovichenkoAI.Sprint5.Task0.V5.Lib.csproj", "{AE135E01-40F1-4BBA-8AE0-7CF5F13BB0D7}"
EndProject
Project("{FAE04EC0-301F-11D3-BF4B-00C04F79EFBC}") = "Tyuiu.VdovichenkoAI.Sprint5.Task0.V5.Test", "Tyuiu.VdovichenkoAI.Sprint5.Task0.V5.Test\Tyuiu.VdovichenkoAI.Sprint5.Task0.V5.Test.csproj", "{505A576E-CA94-4548-93ED-720FB87593D7}"
EndProject
Project("{2150E333-8FDC-42A3-9474-1A3956D46DE8}") = "Task1", "Task1", "{38F530FE-6328-413B-BDD0-CCAC83FA8A9D}"
EndProject
Project("{FAE04EC0-301F-11D3-BF4B-00C04F79EFBC}") = "Tyuiu.VdovichenkoAI.Sprint5.Task1.V8", "Tyuiu.VdovichenkoAI.Sprint5.Task1.V8\Tyuiu.VdovichenkoAI.Sprint5.Task1.V8.csproj", "{64B550BA-468A-4C90-92AF-71009BD552A7}"
EndProject
Project("{FAE04EC0-301F-11D3-BF4B-00C04F79EFBC}") = "Tyuiu.VdovichenkoAI.Sprint5.Task1.V8.Lib", "Tyuiu.VdovichenkoAI.Sprint5.Task1.V8.Lib\Tyuiu.VdovichenkoAI.Sprint5.Task1.V8.Lib.csproj", "{CB67510C-6173-4217-9D50-E9AEA87C1BA9}"
EndProject
Project("{FAE04EC0-301F-11D3-BF4B-00C04F79EFBC}") = "Tyuiu.VdovichenkoAI.Sprint5.Task1.V8.Test", "Tyuiu.VdovichenkoAI.Sprint5.Task1.V8.Test\Tyuiu.VdovichenkoAI.Sprint5.Task1.V8.Test.csproj", "{69D8D0F2-47DA-4DAA-A575-322731CF268E}"
EndProject
Project("{2150E333-8FDC-42A3-9474-1A3956D46DE8}") = "Task2", "Task2", "{A04CFFC2-19AD-426A-8D53-D42CB7667F13}"
EndProject
Project("{FAE04EC0-301F-11D3-BF4B-00C04F79EFBC}") = "Tyuiu.VdovichenkoAI.Sprint5.Task2.V5", "Tyuiu.VdovichenkoAI.Sprint5.Task2.V5\Tyuiu.VdovichenkoAI.Sprint5.Task2.V5.csproj", "{BA5905AE-78F9-4732-A292-02A7C1B86DA1}"
EndProject
Project("{FAE04EC0-301F-11D3-BF4B-00C04F79EFBC}") = "Tyuiu.VdovichenkoAI.Sprint5.Task2.V5.Lib", "Tyuiu.VdovichenkoAI.Sprint5.Task2.V5.Lib\Tyuiu.VdovichenkoAI.Sprint5.Task2.V5.Lib.csproj", "{D6AD0E68-0983-4178-836C-FFE4EFE954FD}"
EndProject
Project("{FAE04EC0-301F-11D3-BF4B-00C04F79EFBC}") = "Tyuiu.VdovichenkoAI.Sprint5.Task2.V5.Test", "Tyuiu.VdovichenkoAI.Sprint5.Task2.V5.Test\Tyuiu.VdovichenkoAI.Sprint5.Task2.V5.Test.csproj", "{169AD0B5-66F2-40D4-93A6-A6C37DE7044C}"
EndProject
Project("{2150E333-8FDC-42A3-9474-1A3956D46DE8}") = "Task3", "Task3", "{0380F764-5DBA-4443-869C-EF1CBFC091FD}"
EndProject
Project("{FAE04EC0-301F-11D3-BF4B-00C04F79EFBC}") = "Tyuiu.VdovichenkoAI.Sprint5.Task3.V14", "Tyuiu.VdovichenkoAI.Sprint5.Task3.V14\Tyuiu.VdovichenkoAI.Sprint5.Task3.V14.csproj", "{CF510D02-578B-4E8A-9D8D-EC6E7E4ACC2F}"
EndProject
Project("{FAE04EC0-301F-11D3-BF4B-00C04F79EFBC}") = "Tyuiu.VdovichenkoAI.Sprint5.Task3.V14.Lib", "Tyuiu.VdovichenkoAI.Sprint5.Task3.V14.Lib\Tyuiu.VdovichenkoAI.Sprint5.Task3.V14.Lib.csproj", "{CF9B3EE6-0732-4798-B7F2-184DB14D6B14}"
EndProject
Project("{FAE04EC0-301F-11D3-BF4B-00C04F79EFBC}") = "Tyuiu.VdovichenkoAI.Sprint5.Task3.V14.Test", "Tyuiu.VdovichenkoAI.Sprint5.Task3.V14.Test\Tyuiu.VdovichenkoAI.Sprint5.Task3.V14.Test.csproj", "{7C249AB3-99E9-42D9-94FC-0647CDE9AADF}"
EndProject
Project("{2150E333-8FDC-42A3-9474-1A3956D46DE8}") = "Task4", "Task4", "{37D4F429-663A-438A-B4FF-E059F46849DA}"
EndProject
Project("{FAE04EC0-301F-11D3-BF4B-00C04F79EFBC}") = "Tyuiu.VdovichenkoAI.Sprint5.Task4.V28", "Tyuiu.VdovichenkoAI.Sprint5.Task4.V28\Tyuiu.VdovichenkoAI.Sprint5.Task4.V28.csproj", "{1246D4FD-DEF5-4B3A-B770-4D10A8D7F0C4}"
EndProject
Project("{FAE04EC0-301F-11D3-BF4B-00C04F79EFBC}") = "Tyuiu.VdovichenkoAI.Sprint5.Task4.V28.Lib", "Tyuiu.VdovichenkoAI.Sprint5.Task4.V28.Lib\Tyuiu.VdovichenkoAI.Sprint5.Task4.V28.Lib.csproj", "{5681F5E7-7917-456A-BF02-803901D58C73}"
EndProject
Project("{FAE04EC0-301F-11D3-BF4B-00C04F79EFBC}") = "Tyuiu.VdovichenkoAI.Sprint5.Task4.V28.Test", "Tyuiu.VdovichenkoAI.Sprint5.Task4.V28.Test\Tyuiu.VdovichenkoAI.Sprint5.Task4.V28.Test.csproj", "{0B6A1C13-FEA9-4A35-BD9A-8B06A33B31CB}"
EndProject
Global
	GlobalSection(SolutionConfigurationPlatforms) = preSolution
		Debug|Any CPU = Debug|Any CPU
		Release|Any CPU = Release|Any CPU
	EndGlobalSection
	GlobalSection(ProjectConfigurationPlatforms) = postSolution
		{9C8ABC45-D044-40F5-AA71-29BAC83F6F1B}.Debug|Any CPU.ActiveCfg = Debug|Any CPU
		{9C8ABC45-D044-40F5-AA71-29BAC83F6F1B}.Debug|Any CPU.Build.0 = Debug|Any CPU
		{9C8ABC45-D044-40F5-AA71-29BAC83F6F1B}.Release|Any CPU.ActiveCfg = Release|Any CPU
		{9C8ABC45-D044-40F5-AA71-29BAC83F6F1B}.Release|Any CPU.Build.0 = Release|Any CPU
		{AE135E01-40F1-4BBA-8AE0-7CF5F13BB0D7}.Debug|Any CPU.ActiveCfg = Debug|Any CPU
		{AE135E01-40F1-4BBA-8AE0-7CF5F13BB0D7}.Debug|Any CPU.Build.0 = Debug|Any CPU
		{AE135E01-40F1-4BBA-8AE0-7CF5F13BB0D7}.Release|Any CPU.ActiveCfg = Release|Any CPU
		{AE135E01-40F1-4BBA-8AE0-7CF5F13BB0D7}.Release|Any CPU.Build.0 = Release|Any CPU
		{505A576E-CA94-4548-93ED-720FB87593D7}.Debug|Any CPU.ActiveCfg = Debug|Any CPU
		{505A576E-CA94-4548-93ED-720FB87593D7}.Debug|Any CPU.Build.0 = Debug|Any CPU
		{505A576E-CA94-4548-93ED-720FB87593D7}.Release|Any CPU.ActiveCfg = Release|Any CPU
		{505A576E-CA94-4548-93ED-720FB87593D7}.Release|Any CPU.Build.0 = Release|Any CPU
		{64B550BA-468A-4C90-92AF-71009BD552A7}.Debug|Any CPU.ActiveCfg = Debug|Any CPU
		{64B550BA-468A-4C90-92AF-71009BD552A7}.Debug|Any CPU.Build.0 = Debug|Any CPU
		{64B550BA-468A-4C90-92AF-71009BD552A7}.Release|Any CPU.ActiveCfg = Release|Any CPU
		{64B550BA-468A-4C90-92AF-71009BD552A7}.Release|Any CPU.Build.0 = Release|Any CPU
		{CB67510C-6173-4217-9D50-E9AEA87C1BA9}.Debug|Any CPU.ActiveCfg = Debug|Any CPU
		{CB67510C-6173-4217-9D50-E9AEA87C1BA9}.Debug|Any CPU.Build.0 = Debug|Any CPU
		{CB67510C-6173-4217-9D50-E9AEA87C1BA9}.Release|Any CPU.ActiveCfg = Release|Any CPU
		{CB67510C-6173-4217-9D50-E9AEA87C1BA9}.Release|Any CPU.Build.0 = Release|Any CPU
		{69D8D0F2-47DA-4DAA-A575-322731CF268E}.Debug|Any CPU.ActiveCfg = Debug|Any CPU
		{69D8D0F2-47DA-4DAA-A575-322731CF268E}.Debug|Any CPU.Build.0 = Debug|Any CPU
		{69D8D0F2-47DA-4DAA-A575-322731CF268E}.Release|Any CPU.ActiveCfg = Release|Any CPU
		{69D8D0F2-47DA-4DAA-A575-322731CF268E}.Release|Any CPU.Build.0 = Release|Any CPU
		{BA5905AE-78F9-4732-A292-02A7C1B86DA1}.Debug|Any CPU.ActiveCfg = Debug|Any CPU
		{BA5905AE-78F9-4732-A292-02A7C1B86DA1}.Debug|Any CPU.Build.0 = Debug|Any CPU
		{BA5905AE-78F9-4732-A292-02A7C1B86DA1}.Release|Any CPU.ActiveCfg = Release|Any CPU
		{BA5905AE-78F9-4732-A292-02A7C1B86DA1}.Release|Any CPU.Build.0 = Release|Any CPU
		{D6AD0E68-0983-4178-836C-FFE4EFE954FD}.Debug|Any CPU.ActiveCfg = Debug|Any CPU
		{D6AD0E68-0983-4178-836C-FFE4EFE954FD}.Debug|Any CPU.Build.0 = Debug|Any CPU
		{D6AD0E68-0983-4178-836C-FFE4EFE954FD}.Release|Any CPU.ActiveCfg = Release|Any CPU
		{D6AD0E68-0983-4178-836C-FFE4EFE954FD}.Release|Any CPU.Build.0 = Release|Any CPU
		{169AD0B5-66F2-40D4-93A6-A6C37DE7044C}.Debug|Any CPU.ActiveCfg = Debug|Any CPU
		{169AD0B5-66F2-40D4-93A6-A6C37DE7044C}.Debug|Any CPU.Build.0 = Debug|Any CPU
		{169AD0B5-66F2-40D4-93A6-A6C37DE7044C}.Release|Any CPU.ActiveCfg = Release|Any CPU
		{169AD0B5-66F2-40D4-93A6-A6C37DE7044C}.Release|Any CPU.Build.0 = Release|Any CPU
		{CF510D02-578B-4E8A-9D8D-EC6E7E4ACC2F}.Debug|Any CPU.ActiveCfg = Debug|Any CPU
		{CF510D02-578B-4E8A-9D8D-EC6E7E4ACC2F}.Debug|Any CPU.Build.0 = Debug|Any CPU
		{CF510D02-578B-4E8A-9D8D-EC6E7E4ACC2F}.Release|Any CPU.ActiveCfg = Release|Any CPU
		{CF510D02-578B-4E8A-9D8D-EC6E7E4ACC2F}.Release|Any CPU.Build.0 = Release|Any CPU
		{CF9B3EE6-0732-4798-B7F2-184DB14D6B14}.Debug|Any CPU.ActiveCfg = Debug|Any CPU
		{CF9B3EE6-0732-4798-B7F2-184DB14D6B14}.Debug|Any CPU.Build.0 = Debug|Any CPU
		{CF9B3EE6-0732-4798-B7F2-184DB14D6B14}.Release|Any CPU.ActiveCfg = Release|Any CPU
		{CF9B3EE6-0732-4798-B7F2-184DB14D6B14}.Release|Any CPU.Build.0 = Release|Any CPU
		{7C249AB3-99E9-42D9-94FC-0647CDE9AADF}.Debug|Any CPU.ActiveCfg = Debug|Any CPU
		{7C249AB3-99E9-42D9-94FC-0647CDE9AADF}.Debug|Any CPU.Build.0 = Debug|Any CPU
		{7C249AB3-99E9-42D9-94FC-0647CDE9AADF}.Release|Any CPU.ActiveCfg = Release|Any CPU
		{7C249AB3-99E9-42D9-94FC-0647CDE9AADF}.Release|Any CPU.Build.0 = Release|Any CPU
		{1246D4FD-DEF5-4B3A-B770-4D10A8D7F0C4}.Debug|Any CPU.ActiveCfg = Debug|Any CPU
		{1246D4FD-DEF5-4B3A-B770-4D10A8D7F0C4}.Debug|Any CPU.Build.0 = Debug|Any CPU
		{1246D4FD-DEF5-4B3A-B770-4D10A8D7F0C4}.Release|Any CPU.ActiveCfg = Release|Any CPU
		{1246D4FD-DEF5-4B3A-B770-4D10A8D7F0C4}.Release|Any CPU.Build.0 = Release|Any CPU
		{5681F5E7-7917-456A-BF02-803901D58C73}.Debug|Any CPU.ActiveCfg = Debug|Any CPU
		{5681F5E7-7917-456A-BF02-803901D58C73}.Debug|Any CPU.Build.0 = Debug|Any CPU
		{5681F5E7-7917-456A-BF02-803901D58C73}.Release|Any CPU.ActiveCfg = Release|Any CPU
		{5681F5E7-7917-456A-BF02-803901D58C73}.Release|Any CPU.Build.0 = Release|Any CPU
		{0B6A1C13-FEA9-4A35-BD9A-8B06A33B31CB}.Debug|Any CPU.ActiveCfg = Debug|Any CPU
		{0B6A1C13-FEA9-4A35-BD9A-8B06A33B31CB}.Debug|Any CPU.Build.0 = Debug|Any CPU
		{0B6A1C13-FEA9-4A35-BD9A-8B06A33B31CB}.Release|Any CPU.ActiveCfg = Release|Any CPU
		{0B6A1C13-FEA9-4A35-BD9A-8B06A33B31CB}.Release|Any CPU.Build.0 = Release|Any CPU
	EndGlobalSection
	GlobalSection(SolutionProperties) = preSolution
		HideSolutionNode = FALSE
	EndGlobalSection
	GlobalSection(NestedProjects) = preSolution
		{9C8ABC45-D044-40F5-AA71-29BAC83F6F1B} = {785DB5D7-F651-4D91-83C6-9CADFBF5F18C}
		{AE135E01-40F1-4BBA-8AE0-7CF5F13BB0D7} = {785DB5D7-F651-4D91-83C6-9CADFBF5F18C}
		{505A576E-CA94-4548-93ED-720FB87593D7} = {785DB5D7-F651-4D91-83C6-9CADFBF5F18C}
		{64B550BA-468A-4C90-92AF-71009BD552A7} = {38F530FE-6328-413B-BDD0-CCAC83FA8A9D}
		{CB67510C-6173-4217-9D50-E9AEA87C1BA9} = {38F530FE-6328-413B-BDD0-CCAC83FA8A9D}
		{69D8D0F2-47DA-4DAA-A575-322731CF268E} = {38F530FE-6328-413B-BDD0-CCAC83FA8A9D}
		{BA5905AE-78F9-4732-A292-02A7C1B86DA1} = {A04CFFC2-19AD-426A-8D53-D42CB7667F13}
		{D6AD0E68-0983-4178-836C-FFE4EFE954FD} = {A04CFFC2-19AD-426A-8D53-D42CB7667F13}
		{169AD0B5-66F2-40D4-93A6-A6C37DE7044C} = {A04CFFC2-19AD-426A-8D53-D42CB7667F13}
		{CF510D02-578B-4E8A-9D8D-EC6E7E4ACC2F} = {0380F764-5DBA-4443-869C-EF1CBFC091FD}
		{CF9B3EE6-0732-4798-B7F2-184DB14D6B14} = {0380F764-5DBA-4443-869C-EF1CBFC091FD}
		{7C249AB3-99E9-42D9-94FC-0647CDE9AADF} = {0380F764-5DBA-4443-869C-EF1CBFC091FD}
		{1246D4FD-DEF5-4B3A-B770-4D10A8D7F0C4} = {37D4F429-663A-438A-B4FF-E059F46849DA}
		{5681F5E7-7917-456A-BF02-803901D58C73} = {37D4F429-663A-438A-B4FF-E059F46849DA}
		{0B6A1C13-FEA9-4A35-BD9A-8B06A33B31CB} = {37D4F429-663A-438A-B4FF-E059F46849DA}
	EndGlobalSection
	GlobalSection(ExtensibilityGlobals) = postSolution
		SolutionGuid = {8962697D-4E17-4464-A231-A7FF409F514B}
	EndGlobalSection
EndGlobal
